// !$*UTF8*$!
{
	archiveVersion = 1;
	classes = {
	};
	objectVersion = 46;
	objects = {

/* Begin PBXBuildFile section */
		F5E602E11B9DC18D00C95C63 /* AppDelegate.swift in Sources */ = {isa = PBXBuildFile; fileRef = F5E602E01B9DC18D00C95C63 /* AppDelegate.swift */; };
		F5E602E31B9DC18D00C95C63 /* ViewController.swift in Sources */ = {isa = PBXBuildFile; fileRef = F5E602E21B9DC18D00C95C63 /* ViewController.swift */; };
		F5E602E61B9DC18D00C95C63 /* Main.storyboard in Resources */ = {isa = PBXBuildFile; fileRef = F5E602E41B9DC18D00C95C63 /* Main.storyboard */; };
		F5E602E81B9DC18D00C95C63 /* Images.xcassets in Resources */ = {isa = PBXBuildFile; fileRef = F5E602E71B9DC18D00C95C63 /* Images.xcassets */; };
		F5E602EB1B9DC18D00C95C63 /* LaunchScreen.xib in Resources */ = {isa = PBXBuildFile; fileRef = F5E602E91B9DC18D00C95C63 /* LaunchScreen.xib */; };
		F5E602F71B9DC18D00C95C63 /* oloTests.swift in Sources */ = {isa = PBXBuildFile; fileRef = F5E602F61B9DC18D00C95C63 /* oloTests.swift */; };
/* End PBXBuildFile section */

/* Begin PBXContainerItemProxy section */
		F5E602F11B9DC18D00C95C63 /* PBXContainerItemProxy */ = {
			isa = PBXContainerItemProxy;
			containerPortal = F5E602D31B9DC18D00C95C63 /* Project object */;
			proxyType = 1;
			remoteGlobalIDString = F5E602DA1B9DC18D00C95C63;
			remoteInfo = olo;
		};
/* End PBXContainerItemProxy section */

/* Begin PBXFileReference section */
		F5E602DB1B9DC18D00C95C63 /* olo.app */ = {isa = PBXFileReference; explicitFileType = wrapper.application; includeInIndex = 0; path = olo.app; sourceTree = BUILT_PRODUCTS_DIR; };
		F5E602DF1B9DC18D00C95C63 /* Info.plist */ = {isa = PBXFileReference; lastKnownFileType = text.plist.xml; path = Info.plist; sourceTree = "<group>"; };
		F5E602E01B9DC18D00C95C63 /* AppDelegate.swift */ = {isa = PBXFileReference; lastKnownFileType = sourcecode.swift; path = AppDelegate.swift; sourceTree = "<group>"; };
		F5E602E21B9DC18D00C95C63 /* ViewController.swift */ = {isa = PBXFileReference; lastKnownFileType = sourcecode.swift; path = ViewController.swift; sourceTree = "<group>"; };
		F5E602E51B9DC18D00C95C63 /* Base */ = {isa = PBXFileReference; lastKnownFileType = file.storyboard; name = Base; path = Base.lproj/Main.storyboard; sourceTree = "<group>"; };
		F5E602E71B9DC18D00C95C63 /* Images.xcassets */ = {isa = PBXFileReference; lastKnownFileType = folder.assetcatalog; path = Images.xcassets; sourceTree = "<group>"; };
		F5E602EA1B9DC18D00C95C63 /* Base */ = {isa = PBXFileReference; lastKnownFileType = file.xib; name = Base; path = Base.lproj/LaunchScreen.xib; sourceTree = "<group>"; };
		F5E602F01B9DC18D00C95C63 /* oloTests.xctest */ = {isa = PBXFileReference; explicitFileType = wrapper.cfbundle; includeInIndex = 0; path = oloTests.xctest; sourceTree = BUILT_PRODUCTS_DIR; };
		F5E602F51B9DC18D00C95C63 /* Info.plist */ = {isa = PBXFileReference; lastKnownFileType = text.plist.xml; path = Info.plist; sourceTree = "<group>"; };
		F5E602F61B9DC18D00C95C63 /* oloTests.swift */ = {isa = PBXFileReference; lastKnownFileType = sourcecode.swift; path = oloTests.swift; sourceTree = "<group>"; };
/* End PBXFileReference section */

/* Begin PBXFrameworksBuildPhase section */
		F5E602D81B9DC18D00C95C63 /* Frameworks */ = {
			isa = PBXFrameworksBuildPhase;
			buildActionMask = 2147483647;
			files = (
			);
			runOnlyForDeploymentPostprocessing = 0;
		};
		F5E602ED1B9DC18D00C95C63 /* Frameworks */ = {
			isa = PBXFrameworksBuildPhase;
			buildActionMask = 2147483647;
			files = (
			);
			runOnlyForDeploymentPostprocessing = 0;
		};
/* End PBXFrameworksBuildPhase section */

/* Begin PBXGroup section */
		F5E602D21B9DC18D00C95C63 = {
			isa = PBXGroup;
			children = (
				F5E602DD1B9DC18D00C95C63 /* olo */,
				F5E602F31B9DC18D00C95C63 /* oloTests */,
				F5E602DC1B9DC18D00C95C63 /* Products */,
			);
			sourceTree = "<group>";
		};
		F5E602DC1B9DC18D00C95C63 /* Products */ = {
			isa = PBXGroup;
			children = (
				F5E602DB1B9DC18D00C95C63 /* olo.app */,
				F5E602F01B9DC18D00C95C63 /* oloTests.xctest */,
			);
			name = Products;
			sourceTree = "<group>";
		};
		F5E602DD1B9DC18D00C95C63 /* olo */ = {
			isa = PBXGroup;
			children = (
				F5E602E01B9DC18D00C95C63 /* AppDelegate.swift */,
				F5E602E21B9DC18D00C95C63 /* ViewController.swift */,
				F5E602E41B9DC18D00C95C63 /* Main.storyboard */,
				F5E602E71B9DC18D00C95C63 /* Images.xcassets */,
				F5E602E91B9DC18D00C95C63 /* LaunchScreen.xib */,
				F5E602DE1B9DC18D00C95C63 /* Supporting Files */,
			);
			path = olo;
			sourceTree = "<group>";
		};
		F5E602DE1B9DC18D00C95C63 /* Supporting Files */ = {
			isa = PBXGroup;
			children = (
				F5E602DF1B9DC18D00C95C63 /* Info.plist */,
			);
			name = "Supporting Files";
			sourceTree = "<group>";
		};
		F5E602F31B9DC18D00C95C63 /* oloTests */ = {
			isa = PBXGroup;
			children = (
				F5E602F61B9DC18D00C95C63 /* oloTests.swift */,
				F5E602F41B9DC18D00C95C63 /* Supporting Files */,
			);
			path = oloTests;
			sourceTree = "<group>";
		};
		F5E602F41B9DC18D00C95C63 /* Supporting Files */ = {
			isa = PBXGroup;
			children = (
				F5E602F51B9DC18D00C95C63 /* Info.plist */,
			);
			name = "Supporting Files";
			sourceTree = "<group>";
		};
/* End PBXGroup section */

/* Begin PBXNativeTarget section */
		F5E602DA1B9DC18D00C95C63 /* olo */ = {
			isa = PBXNativeTarget;
			buildConfigurationList = F5E602FA1B9DC18D00C95C63 /* Build configuration list for PBXNativeTarget "olo" */;
			buildPhases = (
				F5E602D71B9DC18D00C95C63 /* Sources */,
				F5E602D81B9DC18D00C95C63 /* Frameworks */,
				F5E602D91B9DC18D00C95C63 /* Resources */,
			);
			buildRules = (
			);
			dependencies = (
			);
			name = olo;
			productName = olo;
			productReference = F5E602DB1B9DC18D00C95C63 /* olo.app */;
			productType = "com.apple.product-type.application";
		};
		F5E602EF1B9DC18D00C95C63 /* oloTests */ = {
			isa = PBXNativeTarget;
			buildConfigurationList = F5E602FD1B9DC18D00C95C63 /* Build configuration list for PBXNativeTarget "oloTests" */;
			buildPhases = (
				F5E602EC1B9DC18D00C95C63 /* Sources */,
				F5E602ED1B9DC18D00C95C63 /* Frameworks */,
				F5E602EE1B9DC18D00C95C63 /* Resources */,
			);
			buildRules = (
			);
			dependencies = (
				F5E602F21B9DC18D00C95C63 /* PBXTargetDependency */,
			);
			name = oloTests;
			productName = oloTests;
			productReference = F5E602F01B9DC18D00C95C63 /* oloTests.xctest */;
			productType = "com.apple.product-type.bundle.unit-test";
		};
/* End PBXNativeTarget section */

/* Begin PBXProject section */
		F5E602D31B9DC18D00C95C63 /* Project object */ = {
			isa = PBXProject;
			attributes = {
				LastUpgradeCheck = 0640;
				ORGANIZATIONNAME = Nylon;
				TargetAttributes = {
					F5E602DA1B9DC18D00C95C63 = {
						CreatedOnToolsVersion = 6.4;
					};
					F5E602EF1B9DC18D00C95C63 = {
						CreatedOnToolsVersion = 6.4;
						TestTargetID = F5E602DA1B9DC18D00C95C63;
					};
				};
			};
			buildConfigurationList = F5E602D61B9DC18D00C95C63 /* Build configuration list for PBXProject "olo" */;
			compatibilityVersion = "Xcode 3.2";
			developmentRegion = English;
			hasScannedForEncodings = 0;
			knownRegions = (
				en,
				Base,
			);
			mainGroup = F5E602D21B9DC18D00C95C63;
			productRefGroup = F5E602DC1B9DC18D00C95C63 /* Products */;
			projectDirPath = "";
			projectRoot = "";
			targets = (
				F5E602DA1B9DC18D00C95C63 /* olo */,
				F5E602EF1B9DC18D00C95C63 /* oloTests */,
			);
		};
/* End PBXProject section */

/* Begin PBXResourcesBuildPhase section */
		F5E602D91B9DC18D00C95C63 /* Resources */ = {
			isa = PBXResourcesBuildPhase;
			buildActionMask = 2147483647;
			files = (
				F5E602E61B9DC18D00C95C63 /* Main.storyboard in Resources */,
				F5E602EB1B9DC18D00C95C63 /* LaunchScreen.xib in Resources */,
				F5E602E81B9DC18D00C95C63 /* Images.xcassets in Resources */,
			);
			runOnlyForDeploymentPostprocessing = 0;
		};
		F5E602EE1B9DC18D00C95C63 /* Resources */ = {
			isa = PBXResourcesBuildPhase;
			buildActionMask = 2147483647;
			files = (
			);
			runOnlyForDeploymentPostprocessing = 0;
		};
/* End PBXResourcesBuildPhase section */

/* Begin PBXSourcesBuildPhase section */
		F5E602D71B9DC18D00C95C63 /* Sources */ = {
			isa = PBXSourcesBuildPhase;
			buildActionMask = 2147483647;
			files = (
				F5E602E31B9DC18D00C95C63 /* ViewController.swift in Sources */,
				F5E602E11B9DC18D00C95C63 /* AppDelegate.swift in Sources */,
			);
			runOnlyForDeploymentPostprocessing = 0;
		};
		F5E602EC1B9DC18D00C95C63 /* Sources */ = {
			isa = PBXSourcesBuildPhase;
			buildActionMask = 2147483647;
			files = (
				F5E602F71B9DC18D00C95C63 /* oloTests.swift in Sources */,
			);
			runOnlyForDeploymentPostprocessing = 0;
		};
/* End PBXSourcesBuildPhase section */

/* Begin PBXTargetDependency section */
		F5E602F21B9DC18D00C95C63 /* PBXTargetDependency */ = {
			isa = PBXTargetDependency;
			target = F5E602DA1B9DC18D00C95C63 /* olo */;
			targetProxy = F5E602F11B9DC18D00C95C63 /* PBXContainerItemProxy */;
		};
/* End PBXTargetDependency section */

/* Begin PBXVariantGroup section */
		F5E602E41B9DC18D00C95C63 /* Main.storyboard */ = {
			isa = PBXVariantGroup;
			children = (
				F5E602E51B9DC18D00C95C63 /* Base */,
			);
			name = Main.storyboard;
			sourceTree = "<group>";
		};
		F5E602E91B9DC18D00C95C63 /* LaunchScreen.xib */ = {
			isa = PBXVariantGroup;
			children = (
				F5E602EA1B9DC18D00C95C63 /* Base */,
			);
			name = LaunchScreen.xib;
			sourceTree = "<group>";
		};
/* End PBXVariantGroup section */

/* Begin XCBuildConfiguration section */
		F5E602F81B9DC18D00C95C63 /* Debug */ = {
			isa = XCBuildConfiguration;
			buildSettings = {
				ALWAYS_SEARCH_USER_PATHS = NO;
				CLANG_CXX_LANGUAGE_STANDARD = "gnu++0x";
				CLANG_CXX_LIBRARY = "libc++";
				CLANG_ENABLE_MODULES = YES;
				CLANG_ENABLE_OBJC_ARC = YES;
				CLANG_WARN_BOOL_CONVERSION = YES;
				CLANG_WARN_CONSTANT_CONVERSION = YES;
				CLANG_WARN_DIRECT_OBJC_ISA_USAGE = YES_ERROR;
				CLANG_WARN_EMPTY_BODY = YES;
				CLANG_WARN_ENUM_CONVERSION = YES;
				CLANG_WARN_INT_CONVERSION = YES;
				CLANG_WARN_OBJC_ROOT_CLASS = YES_ERROR;
				CLANG_WARN_UNREACHABLE_CODE = YES;
				CLANG_WARN__DUPLICATE_METHOD_MATCH = YES;
				"CODE_SIGN_IDENTITY[sdk=iphoneos*]" = "iPhone Developer";
				COPY_PHASE_STRIP = NO;
				DEBUG_INFORMATION_FORMAT = "dwarf-with-dsym";
				ENABLE_STRICT_OBJC_MSGSEND = YES;
				GCC_C_LANGUAGE_STANDARD = gnu99;
				GCC_DYNAMIC_NO_PIC = NO;
				GCC_NO_COMMON_BLOCKS = YES;
				GCC_OPTIMIZATION_LEVEL = 0;
				GCC_PREPROCESSOR_DEFINITIONS = (
					"DEBUG=1",
					"$(inherited)",
				);
				GCC_SYMBOLS_PRIVATE_EXTERN = NO;
				GCC_WARN_64_TO_32_BIT_CONVERSION = YES;
				GCC_WARN_ABOUT_RETURN_TYPE = YES_ERROR;
				GCC_WARN_UNDECLARED_SELECTOR = YES;
				GCC_WARN_UNINITIALIZED_AUTOS = YES_AGGRESSIVE;
				GCC_WARN_UNUSED_FUNCTION = YES;
				GCC_WARN_UNUSED_VARIABLE = YES;
				IPHONEOS_DEPLOYMENT_TARGET = 8.4;
				MTL_ENABLE_DEBUG_INFO = YES;
				ONLY_ACTIVE_ARCH = YES;
				SDKROOT = iphoneos;
				SWIFT_OPTIMIZATION_LEVEL = "-Onone";
			};
			name = Debug;
		};
		F5E602F91B9DC18D00C95C63 /* Release */ = {
			isa = XCBuildConfiguration;
			buildSettings = {
				ALWAYS_SEARCH_USER_PATHS = NO;
				CLANG_CXX_LANGUAGE_STANDARD = "gnu++0x";
				CLANG_CXX_LIBRARY = "libc++";
				CLANG_ENABLE_MODULES = YES;
				CLANG_ENABLE_OBJC_ARC = YES;
				CLANG_WARN_BOOL_CONVERSION = YES;
				CLANG_WARN_CONSTANT_CONVERSION = YES;
				CLANG_WARN_DIRECT_OBJC_ISA_USAGE = YES_ERROR;
				CLANG_WARN_EMPTY_BODY = YES;
				CLANG_WARN_ENUM_CONVERSION = YES;
				CLANG_WARN_INT_CONVERSION = YES;
				CLANG_WARN_OBJC_ROOT_CLASS = YES_ERROR;
				CLANG_WARN_UNREACHABLE_CODE = YES;
				CLANG_WARN__DUPLICATE_METHOD_MATCH = YES;
				"CODE_SIGN_IDENTITY[sdk=iphoneos*]" = "iPhone Developer";
				COPY_PHASE_STRIP = NO;
				DEBUG_INFORMATION_FORMAT = "dwarf-with-dsym";
				ENABLE_NS_ASSERTIONS = NO;
				ENABLE_STRICT_OBJC_MSGSEND = YES;
				GCC_C_LANGUAGE_STANDARD = gnu99;
				GCC_NO_COMMON_BLOCKS = YES;
				GCC_WARN_64_TO_32_BIT_CONVERSION = YES;
				GCC_WARN_ABOUT_RETURN_TYPE = YES_ERROR;
				GCC_WARN_UNDECLARED_SELECTOR = YES;
				GCC_WARN_UNINITIALIZED_AUTOS = YES_AGGRESSIVE;
				GCC_WARN_UNUSED_FUNCTION = YES;
				GCC_WARN_UNUSED_VARIABLE = YES;
				IPHONEOS_DEPLOYMENT_TARGET = 8.4;
				MTL_ENABLE_DEBUG_INFO = NO;
				SDKROOT = iphoneos;
				VALIDATE_PRODUCT = YES;
			};
			name = Release;
		};
		F5E602FB1B9DC18D00C95C63 /* Debug */ = {
			isa = XCBuildConfiguration;
			buildSettings = {
				ASSETCATALOG_COMPILER_APPICON_NAME = AppIcon;
				INFOPLIST_FILE = olo/Info.plist;
				LD_RUNPATH_SEARCH_PATHS = "$(inherited) @executable_path/Frameworks";
				PRODUCT_NAME = "$(TARGET_NAME)";
			};
			name = Debug;
		};
		F5E602FC1B9DC18D00C95C63 /* Release */ = {
			isa = XCBuildConfiguration;
			buildSettings = {
				ASSETCATALOG_COMPILER_APPICON_NAME = AppIcon;
				INFOPLIST_FILE = olo/Info.plist;
				LD_RUNPATH_SEARCH_PATHS = "$(inherited) @executable_path/Frameworks";
				PRODUCT_NAME = "$(TARGET_NAME)";
			};
			name = Release;
		};
		F5E602FE1B9DC18D00C95C63 /* Debug */ = {
			isa = XCBuildConfiguration;
			buildSettings = {
				BUNDLE_LOADER = "$(TEST_HOST)";
				FRAMEWORK_SEARCH_PATHS = (
					"$(SDKROOT)/Developer/Library/Frameworks",
					"$(inherited)",
				);
				GCC_PREPROCESSOR_DEFINITIONS = (
					"DEBUG=1",
					"$(inherited)",
				);
				INFOPLIST_FILE = oloTests/Info.plist;
				LD_RUNPATH_SEARCH_PATHS = "$(inherited) @executable_path/Frameworks @loader_path/Frameworks";
				PRODUCT_NAME = "$(TARGET_NAME)";
				TEST_HOST = "$(BUILT_PRODUCTS_DIR)/olo.app/olo";
			};
			name = Debug;
		};
		F5E602FF1B9DC18D00C95C63 /* Release */ = {
			isa = XCBuildConfiguration;
			buildSettings = {
				BUNDLE_LOADER = "$(TEST_HOST)";
				FRAMEWORK_SEARCH_PATHS = (
					"$(SDKROOT)/Developer/Library/Frameworks",
					"$(inherited)",
				);
				INFOPLIST_FILE = oloTests/Info.plist;
				LD_RUNPATH_SEARCH_PATHS = "$(inherited) @executable_path/Frameworks @loader_path/Frameworks";
				PRODUCT_NAME = "$(TARGET_NAME)";
				TEST_HOST = "$(BUILT_PRODUCTS_DIR)/olo.app/olo";
			};
			name = Release;
		};
/* End XCBuildConfiguration section */

/* Begin XCConfigurationList section */
		F5E602D61B9DC18D00C95C63 /* Build configuration list for PBXProject "olo" */ = {
			isa = XCConfigurationList;
			buildConfigurations = (
				F5E602F81B9DC18D00C95C63 /* Debug */,
				F5E602F91B9DC18D00C95C63 /* Release */,
			);
			defaultConfigurationIsVisible = 0;
			defaultConfigurationName = Release;
		};
		F5E602FA1B9DC18D00C95C63 /* Build configuration list for PBXNativeTarget "olo" */ = {
			isa = XCConfigurationList;
			buildConfigurations = (
				F5E602FB1B9DC18D00C95C63 /* Debug */,
				F5E602FC1B9DC18D00C95C63 /* Release */,
			);
			defaultConfigurationIsVisible = 0;
		};
		F5E602FD1B9DC18D00C95C63 /* Build configuration list for PBXNativeTarget "oloTests" */ = {
			isa = XCConfigurationList;
			buildConfigurations = (
				F5E602FE1B9DC18D00C95C63 /* Debug */,
				F5E602FF1B9DC18D00C95C63 /* Release */,
			);
			defaultConfigurationIsVisible = 0;
		};
/* End XCConfigurationList section */
	};
	rootObject = F5E602D31B9DC18D00C95C63 /* Project object */;
}
